// !$*UTF8*$!
{
	archiveVersion = 1;
	classes = {
	};
	objectVersion = 55;
	objects = {

/* Begin PBXBuildFile section */
		6205E9662904CED400930F16 /* AppDelegate.swift in Sources */ = {isa = PBXBuildFile; fileRef = 6205E9652904CED400930F16 /* AppDelegate.swift */; };
		6205E9682904CED400930F16 /* SceneDelegate.swift in Sources */ = {isa = PBXBuildFile; fileRef = 6205E9672904CED400930F16 /* SceneDelegate.swift */; };
		6205E96F2904CED600930F16 /* Assets.xcassets in Resources */ = {isa = PBXBuildFile; fileRef = 6205E96E2904CED600930F16 /* Assets.xcassets */; };
		6205E9722904CED600930F16 /* LaunchScreen.storyboard in Resources */ = {isa = PBXBuildFile; fileRef = 6205E9702904CED600930F16 /* LaunchScreen.storyboard */; };
		6205E97D2904CED600930F16 /* PagaTappTests.swift in Sources */ = {isa = PBXBuildFile; fileRef = 6205E97C2904CED600930F16 /* PagaTappTests.swift */; };
		6205E9872904CED600930F16 /* PagaTappUITests.swift in Sources */ = {isa = PBXBuildFile; fileRef = 6205E9862904CED600930F16 /* PagaTappUITests.swift */; };
		6205E9892904CED600930F16 /* PagaTappUITestsLaunchTests.swift in Sources */ = {isa = PBXBuildFile; fileRef = 6205E9882904CED600930F16 /* PagaTappUITestsLaunchTests.swift */; };
		6205E9962904D8D500930F16 /* BanksListRouter.swift in Sources */ = {isa = PBXBuildFile; fileRef = 6205E9952904D8D500930F16 /* BanksListRouter.swift */; };
		6205E9972904D8D500930F16 /* BanksListRouter.swift in Sources */ = {isa = PBXBuildFile; fileRef = 6205E9952904D8D500930F16 /* BanksListRouter.swift */; };
		6205E9982904D8D500930F16 /* BanksListRouter.swift in Sources */ = {isa = PBXBuildFile; fileRef = 6205E9952904D8D500930F16 /* BanksListRouter.swift */; };
		6205E9A22904DE6F00930F16 /* BanksListViewController.swift in Sources */ = {isa = PBXBuildFile; fileRef = 6205E9A12904DE6F00930F16 /* BanksListViewController.swift */; };
		6205E9A32904DE6F00930F16 /* BanksListViewController.swift in Sources */ = {isa = PBXBuildFile; fileRef = 6205E9A12904DE6F00930F16 /* BanksListViewController.swift */; };
		6205E9A42904DE6F00930F16 /* BanksListViewController.swift in Sources */ = {isa = PBXBuildFile; fileRef = 6205E9A12904DE6F00930F16 /* BanksListViewController.swift */; };
		6205E9A62904DE8C00930F16 /* BanksListViewController.storyboard in Resources */ = {isa = PBXBuildFile; fileRef = 6205E9A52904DE8C00930F16 /* BanksListViewController.storyboard */; };
		6205E9A72904DE8C00930F16 /* BanksListViewController.storyboard in Resources */ = {isa = PBXBuildFile; fileRef = 6205E9A52904DE8C00930F16 /* BanksListViewController.storyboard */; };
		6205E9A82904DE8C00930F16 /* BanksListViewController.storyboard in Resources */ = {isa = PBXBuildFile; fileRef = 6205E9A52904DE8C00930F16 /* BanksListViewController.storyboard */; };
		6205E9AA2904DF8900930F16 /* BanksListPresenter.swift in Sources */ = {isa = PBXBuildFile; fileRef = 6205E9A92904DF8900930F16 /* BanksListPresenter.swift */; };
		6205E9AB2904DF8900930F16 /* BanksListPresenter.swift in Sources */ = {isa = PBXBuildFile; fileRef = 6205E9A92904DF8900930F16 /* BanksListPresenter.swift */; };
		6205E9AC2904DF8900930F16 /* BanksListPresenter.swift in Sources */ = {isa = PBXBuildFile; fileRef = 6205E9A92904DF8900930F16 /* BanksListPresenter.swift */; };
		6205E9AE2904E05100930F16 /* BanksListInteractor.swift in Sources */ = {isa = PBXBuildFile; fileRef = 6205E9AD2904E05100930F16 /* BanksListInteractor.swift */; };
		6205E9AF2904E05100930F16 /* BanksListInteractor.swift in Sources */ = {isa = PBXBuildFile; fileRef = 6205E9AD2904E05100930F16 /* BanksListInteractor.swift */; };
		6205E9B02904E05100930F16 /* BanksListInteractor.swift in Sources */ = {isa = PBXBuildFile; fileRef = 6205E9AD2904E05100930F16 /* BanksListInteractor.swift */; };
		6205E9B62904E83500930F16 /* BankObject.swift in Sources */ = {isa = PBXBuildFile; fileRef = 6205E9B52904E83500930F16 /* BankObject.swift */; };
		6205E9B72904E83500930F16 /* BankObject.swift in Sources */ = {isa = PBXBuildFile; fileRef = 6205E9B52904E83500930F16 /* BankObject.swift */; };
		6205E9B82904E83500930F16 /* BankObject.swift in Sources */ = {isa = PBXBuildFile; fileRef = 6205E9B52904E83500930F16 /* BankObject.swift */; };
		6205E9BC2904EF8400930F16 /* BankListProtocols.swift in Sources */ = {isa = PBXBuildFile; fileRef = 6205E9BB2904EF8400930F16 /* BankListProtocols.swift */; };
		6205E9BD2904EF8400930F16 /* BankListProtocols.swift in Sources */ = {isa = PBXBuildFile; fileRef = 6205E9BB2904EF8400930F16 /* BankListProtocols.swift */; };
		6205E9BE2904EF8400930F16 /* BankListProtocols.swift in Sources */ = {isa = PBXBuildFile; fileRef = 6205E9BB2904EF8400930F16 /* BankListProtocols.swift */; };
		625B6E13290563D70002D667 /* Main.storyboard in Resources */ = {isa = PBXBuildFile; fileRef = 625B6E11290563D70002D667 /* Main.storyboard */; };
		625B6E18290567A70002D667 /* PagaTModel.xcdatamodeld in Sources */ = {isa = PBXBuildFile; fileRef = 625B6E16290567A70002D667 /* PagaTModel.xcdatamodeld */; };
		625B6E19290567A70002D667 /* PagaTModel.xcdatamodeld in Sources */ = {isa = PBXBuildFile; fileRef = 625B6E16290567A70002D667 /* PagaTModel.xcdatamodeld */; };
		625B6E1A290567A70002D667 /* PagaTModel.xcdatamodeld in Sources */ = {isa = PBXBuildFile; fileRef = 625B6E16290567A70002D667 /* PagaTModel.xcdatamodeld */; };
		62D440E42905BA2C008993B4 /* BanksTableViewCell.swift in Sources */ = {isa = PBXBuildFile; fileRef = 62D440E32905BA2C008993B4 /* BanksTableViewCell.swift */; };
		62D440E52905BA2C008993B4 /* BanksTableViewCell.swift in Sources */ = {isa = PBXBuildFile; fileRef = 62D440E32905BA2C008993B4 /* BanksTableViewCell.swift */; };
		62D440E62905BA2C008993B4 /* BanksTableViewCell.swift in Sources */ = {isa = PBXBuildFile; fileRef = 62D440E32905BA2C008993B4 /* BanksTableViewCell.swift */; };
/* End PBXBuildFile section */

/* Begin PBXContainerItemProxy section */
		6205E9792904CED600930F16 /* PBXContainerItemProxy */ = {
			isa = PBXContainerItemProxy;
			containerPortal = 6205E95A2904CED400930F16 /* Project object */;
			proxyType = 1;
			remoteGlobalIDString = 6205E9612904CED400930F16;
			remoteInfo = PagaTapp;
		};
		6205E9832904CED600930F16 /* PBXContainerItemProxy */ = {
			isa = PBXContainerItemProxy;
			containerPortal = 6205E95A2904CED400930F16 /* Project object */;
			proxyType = 1;
			remoteGlobalIDString = 6205E9612904CED400930F16;
			remoteInfo = PagaTapp;
		};
/* End PBXContainerItemProxy section */

/* Begin PBXFileReference section */
		6205E9622904CED400930F16 /* PagaTapp.app */ = {isa = PBXFileReference; explicitFileType = wrapper.application; includeInIndex = 0; path = PagaTapp.app; sourceTree = BUILT_PRODUCTS_DIR; };
		6205E9652904CED400930F16 /* AppDelegate.swift */ = {isa = PBXFileReference; lastKnownFileType = sourcecode.swift; path = AppDelegate.swift; sourceTree = "<group>"; };
		6205E9672904CED400930F16 /* SceneDelegate.swift */ = {isa = PBXFileReference; lastKnownFileType = sourcecode.swift; path = SceneDelegate.swift; sourceTree = "<group>"; };
		6205E96E2904CED600930F16 /* Assets.xcassets */ = {isa = PBXFileReference; lastKnownFileType = folder.assetcatalog; path = Assets.xcassets; sourceTree = "<group>"; };
		6205E9712904CED600930F16 /* Base */ = {isa = PBXFileReference; lastKnownFileType = file.storyboard; name = Base; path = Base.lproj/LaunchScreen.storyboard; sourceTree = "<group>"; };
		6205E9732904CED600930F16 /* Info.plist */ = {isa = PBXFileReference; lastKnownFileType = text.plist.xml; path = Info.plist; sourceTree = "<group>"; };
		6205E9782904CED600930F16 /* PagaTappTests.xctest */ = {isa = PBXFileReference; explicitFileType = wrapper.cfbundle; includeInIndex = 0; path = PagaTappTests.xctest; sourceTree = BUILT_PRODUCTS_DIR; };
		6205E97C2904CED600930F16 /* PagaTappTests.swift */ = {isa = PBXFileReference; lastKnownFileType = sourcecode.swift; path = PagaTappTests.swift; sourceTree = "<group>"; };
		6205E9822904CED600930F16 /* PagaTappUITests.xctest */ = {isa = PBXFileReference; explicitFileType = wrapper.cfbundle; includeInIndex = 0; path = PagaTappUITests.xctest; sourceTree = BUILT_PRODUCTS_DIR; };
		6205E9862904CED600930F16 /* PagaTappUITests.swift */ = {isa = PBXFileReference; lastKnownFileType = sourcecode.swift; path = PagaTappUITests.swift; sourceTree = "<group>"; };
		6205E9882904CED600930F16 /* PagaTappUITestsLaunchTests.swift */ = {isa = PBXFileReference; lastKnownFileType = sourcecode.swift; path = PagaTappUITestsLaunchTests.swift; sourceTree = "<group>"; };
		6205E9952904D8D500930F16 /* BanksListRouter.swift */ = {isa = PBXFileReference; lastKnownFileType = sourcecode.swift; path = BanksListRouter.swift; sourceTree = "<group>"; };
		6205E9A12904DE6F00930F16 /* BanksListViewController.swift */ = {isa = PBXFileReference; lastKnownFileType = sourcecode.swift; path = BanksListViewController.swift; sourceTree = "<group>"; };
		6205E9A52904DE8C00930F16 /* BanksListViewController.storyboard */ = {isa = PBXFileReference; lastKnownFileType = file.storyboard; path = BanksListViewController.storyboard; sourceTree = "<group>"; };
		6205E9A92904DF8900930F16 /* BanksListPresenter.swift */ = {isa = PBXFileReference; lastKnownFileType = sourcecode.swift; path = BanksListPresenter.swift; sourceTree = "<group>"; };
		6205E9AD2904E05100930F16 /* BanksListInteractor.swift */ = {isa = PBXFileReference; lastKnownFileType = sourcecode.swift; path = BanksListInteractor.swift; sourceTree = "<group>"; };
		6205E9B52904E83500930F16 /* BankObject.swift */ = {isa = PBXFileReference; lastKnownFileType = sourcecode.swift; path = BankObject.swift; sourceTree = "<group>"; };
		6205E9BB2904EF8400930F16 /* BankListProtocols.swift */ = {isa = PBXFileReference; lastKnownFileType = sourcecode.swift; path = BankListProtocols.swift; sourceTree = "<group>"; };
		625B6E12290563D70002D667 /* Base */ = {isa = PBXFileReference; lastKnownFileType = file.storyboard; name = Base; path = Base.lproj/Main.storyboard; sourceTree = "<group>"; };
		625B6E17290567A70002D667 /* PagaTModel.xcdatamodel */ = {isa = PBXFileReference; lastKnownFileType = wrapper.xcdatamodel; path = PagaTModel.xcdatamodel; sourceTree = "<group>"; };
		62D440E32905BA2C008993B4 /* BanksTableViewCell.swift */ = {isa = PBXFileReference; lastKnownFileType = sourcecode.swift; path = BanksTableViewCell.swift; sourceTree = "<group>"; };
/* End PBXFileReference section */

/* Begin PBXFrameworksBuildPhase section */
		6205E95F2904CED400930F16 /* Frameworks */ = {
			isa = PBXFrameworksBuildPhase;
			buildActionMask = 2147483647;
			files = (
			);
			runOnlyForDeploymentPostprocessing = 0;
		};
		6205E9752904CED600930F16 /* Frameworks */ = {
			isa = PBXFrameworksBuildPhase;
			buildActionMask = 2147483647;
			files = (
			);
			runOnlyForDeploymentPostprocessing = 0;
		};
		6205E97F2904CED600930F16 /* Frameworks */ = {
			isa = PBXFrameworksBuildPhase;
			buildActionMask = 2147483647;
			files = (
			);
			runOnlyForDeploymentPostprocessing = 0;
		};
/* End PBXFrameworksBuildPhase section */

/* Begin PBXGroup section */
		6205E9592904CED400930F16 = {
			isa = PBXGroup;
			children = (
				6205E9642904CED400930F16 /* PagaTapp */,
				6205E97B2904CED600930F16 /* PagaTappTests */,
				6205E9852904CED600930F16 /* PagaTappUITests */,
				6205E9632904CED400930F16 /* Products */,
			);
			sourceTree = "<group>";
		};
		6205E9632904CED400930F16 /* Products */ = {
			isa = PBXGroup;
			children = (
				6205E9622904CED400930F16 /* PagaTapp.app */,
				6205E9782904CED600930F16 /* PagaTappTests.xctest */,
				6205E9822904CED600930F16 /* PagaTappUITests.xctest */,
			);
			name = Products;
			sourceTree = "<group>";
		};
		6205E9642904CED400930F16 /* PagaTapp */ = {
			isa = PBXGroup;
			children = (
				6205E9732904CED600930F16 /* Info.plist */,
				6205E9B92904E8C300930F16 /* App */,
				6205E9B42904E7F500930F16 /* Entities */,
				6205E9B12904E77600930F16 /* Modules */,
				62D440E72906AB32008993B4 /* Utiities */,
				6205E9BA2904E8E500930F16 /* Resurces */,
			);
			path = PagaTapp;
			sourceTree = "<group>";
		};
		6205E97B2904CED600930F16 /* PagaTappTests */ = {
			isa = PBXGroup;
			children = (
				6205E97C2904CED600930F16 /* PagaTappTests.swift */,
			);
			path = PagaTappTests;
			sourceTree = "<group>";
		};
		6205E9852904CED600930F16 /* PagaTappUITests */ = {
			isa = PBXGroup;
			children = (
				6205E9862904CED600930F16 /* PagaTappUITests.swift */,
				6205E9882904CED600930F16 /* PagaTappUITestsLaunchTests.swift */,
			);
			path = PagaTappUITests;
			sourceTree = "<group>";
		};
		6205E9B12904E77600930F16 /* Modules */ = {
			isa = PBXGroup;
			children = (
				6205E9B22904E79200930F16 /* BanksList */,
			);
			path = Modules;
			sourceTree = "<group>";
		};
		6205E9B22904E79200930F16 /* BanksList */ = {
			isa = PBXGroup;
			children = (
				6205E9BB2904EF8400930F16 /* BankListProtocols.swift */,
				6205E9B32904E7D700930F16 /* View */,
				6205E9AD2904E05100930F16 /* BanksListInteractor.swift */,
				6205E9A92904DF8900930F16 /* BanksListPresenter.swift */,
				6205E9952904D8D500930F16 /* BanksListRouter.swift */,
			);
			path = BanksList;
			sourceTree = "<group>";
		};
		6205E9B32904E7D700930F16 /* View */ = {
			isa = PBXGroup;
			children = (
				62D440E22905BA0E008993B4 /* cell */,
				6205E9A12904DE6F00930F16 /* BanksListViewController.swift */,
				6205E9A52904DE8C00930F16 /* BanksListViewController.storyboard */,
			);
			path = View;
			sourceTree = "<group>";
		};
		6205E9B42904E7F500930F16 /* Entities */ = {
			isa = PBXGroup;
			children = (
				625B6E152905677A0002D667 /* Model */,
				625B6E142905676C0002D667 /* Banks */,
			);
			path = Entities;
			sourceTree = "<group>";
		};
		6205E9B92904E8C300930F16 /* App */ = {
			isa = PBXGroup;
			children = (
				625B6E11290563D70002D667 /* Main.storyboard */,
				6205E9702904CED600930F16 /* LaunchScreen.storyboard */,
				6205E9652904CED400930F16 /* AppDelegate.swift */,
				6205E9672904CED400930F16 /* SceneDelegate.swift */,
			);
			path = App;
			sourceTree = "<group>";
		};
		6205E9BA2904E8E500930F16 /* Resurces */ = {
			isa = PBXGroup;
			children = (
				6205E96E2904CED600930F16 /* Assets.xcassets */,
			);
			path = Resurces;
			sourceTree = "<group>";
		};
		625B6E142905676C0002D667 /* Banks */ = {
			isa = PBXGroup;
			children = (
				6205E9B52904E83500930F16 /* BankObject.swift */,
			);
			path = Banks;
			sourceTree = "<group>";
		};
		625B6E152905677A0002D667 /* Model */ = {
			isa = PBXGroup;
			children = (
				625B6E16290567A70002D667 /* PagaTModel.xcdatamodeld */,
			);
			path = Model;
			sourceTree = "<group>";
		};
		62D440E22905BA0E008993B4 /* cell */ = {
			isa = PBXGroup;
			children = (
				62D440E32905BA2C008993B4 /* BanksTableViewCell.swift */,
			);
			path = cell;
			sourceTree = "<group>";
		};
		62D440E72906AB32008993B4 /* Utiities */ = {
			isa = PBXGroup;
			children = (
			);
			name = Utiities;
			path = "Utiitiesç";
			sourceTree = "<group>";
		};
/* End PBXGroup section */

/* Begin PBXNativeTarget section */
		6205E9612904CED400930F16 /* PagaTapp */ = {
			isa = PBXNativeTarget;
			buildConfigurationList = 6205E98C2904CED600930F16 /* Build configuration list for PBXNativeTarget "PagaTapp" */;
			buildPhases = (
				6205E95E2904CED400930F16 /* Sources */,
				6205E95F2904CED400930F16 /* Frameworks */,
				6205E9602904CED400930F16 /* Resources */,
			);
			buildRules = (
			);
			dependencies = (
			);
			name = PagaTapp;
			productName = PagaTapp;
			productReference = 6205E9622904CED400930F16 /* PagaTapp.app */;
			productType = "com.apple.product-type.application";
		};
		6205E9772904CED600930F16 /* PagaTappTests */ = {
			isa = PBXNativeTarget;
			buildConfigurationList = 6205E98F2904CED600930F16 /* Build configuration list for PBXNativeTarget "PagaTappTests" */;
			buildPhases = (
				6205E9742904CED600930F16 /* Sources */,
				6205E9752904CED600930F16 /* Frameworks */,
				6205E9762904CED600930F16 /* Resources */,
			);
			buildRules = (
			);
			dependencies = (
				6205E97A2904CED600930F16 /* PBXTargetDependency */,
			);
			name = PagaTappTests;
			productName = PagaTappTests;
			productReference = 6205E9782904CED600930F16 /* PagaTappTests.xctest */;
			productType = "com.apple.product-type.bundle.unit-test";
		};
		6205E9812904CED600930F16 /* PagaTappUITests */ = {
			isa = PBXNativeTarget;
			buildConfigurationList = 6205E9922904CED600930F16 /* Build configuration list for PBXNativeTarget "PagaTappUITests" */;
			buildPhases = (
				6205E97E2904CED600930F16 /* Sources */,
				6205E97F2904CED600930F16 /* Frameworks */,
				6205E9802904CED600930F16 /* Resources */,
			);
			buildRules = (
			);
			dependencies = (
				6205E9842904CED600930F16 /* PBXTargetDependency */,
			);
			name = PagaTappUITests;
			productName = PagaTappUITests;
			productReference = 6205E9822904CED600930F16 /* PagaTappUITests.xctest */;
			productType = "com.apple.product-type.bundle.ui-testing";
		};
/* End PBXNativeTarget section */

/* Begin PBXProject section */
		6205E95A2904CED400930F16 /* Project object */ = {
			isa = PBXProject;
			attributes = {
				BuildIndependentTargetsInParallel = 1;
				LastSwiftUpdateCheck = 1340;
				LastUpgradeCheck = 1340;
				TargetAttributes = {
					6205E9612904CED400930F16 = {
						CreatedOnToolsVersion = 13.4.1;
					};
					6205E9772904CED600930F16 = {
						CreatedOnToolsVersion = 13.4.1;
						TestTargetID = 6205E9612904CED400930F16;
					};
					6205E9812904CED600930F16 = {
						CreatedOnToolsVersion = 13.4.1;
						TestTargetID = 6205E9612904CED400930F16;
					};
				};
			};
			buildConfigurationList = 6205E95D2904CED400930F16 /* Build configuration list for PBXProject "PagaTapp" */;
			compatibilityVersion = "Xcode 13.0";
			developmentRegion = en;
			hasScannedForEncodings = 0;
			knownRegions = (
				en,
				Base,
			);
			mainGroup = 6205E9592904CED400930F16;
			productRefGroup = 6205E9632904CED400930F16 /* Products */;
			projectDirPath = "";
			projectRoot = "";
			targets = (
				6205E9612904CED400930F16 /* PagaTapp */,
				6205E9772904CED600930F16 /* PagaTappTests */,
				6205E9812904CED600930F16 /* PagaTappUITests */,
			);
		};
/* End PBXProject section */

/* Begin PBXResourcesBuildPhase section */
		6205E9602904CED400930F16 /* Resources */ = {
			isa = PBXResourcesBuildPhase;
			buildActionMask = 2147483647;
			files = (
				6205E9722904CED600930F16 /* LaunchScreen.storyboard in Resources */,
				6205E96F2904CED600930F16 /* Assets.xcassets in Resources */,
				6205E9A62904DE8C00930F16 /* BanksListViewController.storyboard in Resources */,
				625B6E13290563D70002D667 /* Main.storyboard in Resources */,
			);
			runOnlyForDeploymentPostprocessing = 0;
		};
		6205E9762904CED600930F16 /* Resources */ = {
			isa = PBXResourcesBuildPhase;
			buildActionMask = 2147483647;
			files = (
				6205E9A72904DE8C00930F16 /* BanksListViewController.storyboard in Resources */,
			);
			runOnlyForDeploymentPostprocessing = 0;
		};
		6205E9802904CED600930F16 /* Resources */ = {
			isa = PBXResourcesBuildPhase;
			buildActionMask = 2147483647;
			files = (
				6205E9A82904DE8C00930F16 /* BanksListViewController.storyboard in Resources */,
			);
			runOnlyForDeploymentPostprocessing = 0;
		};
/* End PBXResourcesBuildPhase section */

/* Begin PBXSourcesBuildPhase section */
		6205E95E2904CED400930F16 /* Sources */ = {
			isa = PBXSourcesBuildPhase;
			buildActionMask = 2147483647;
			files = (
				6205E9962904D8D500930F16 /* BanksListRouter.swift in Sources */,
				6205E9AE2904E05100930F16 /* BanksListInteractor.swift in Sources */,
				6205E9662904CED400930F16 /* AppDelegate.swift in Sources */,
				6205E9B62904E83500930F16 /* BankObject.swift in Sources */,
				6205E9A22904DE6F00930F16 /* BanksListViewController.swift in Sources */,
				6205E9AA2904DF8900930F16 /* BanksListPresenter.swift in Sources */,
				625B6E18290567A70002D667 /* PagaTModel.xcdatamodeld in Sources */,
				62D440E42905BA2C008993B4 /* BanksTableViewCell.swift in Sources */,
				6205E9682904CED400930F16 /* SceneDelegate.swift in Sources */,
				6205E9BC2904EF8400930F16 /* BankListProtocols.swift in Sources */,
			);
			runOnlyForDeploymentPostprocessing = 0;
		};
		6205E9742904CED600930F16 /* Sources */ = {
			isa = PBXSourcesBuildPhase;
			buildActionMask = 2147483647;
			files = (
				62D440E52905BA2C008993B4 /* BanksTableViewCell.swift in Sources */,
				6205E9972904D8D500930F16 /* BanksListRouter.swift in Sources */,
				6205E9AF2904E05100930F16 /* BanksListInteractor.swift in Sources */,
				6205E97D2904CED600930F16 /* PagaTappTests.swift in Sources */,
				6205E9BD2904EF8400930F16 /* BankListProtocols.swift in Sources */,
				6205E9AB2904DF8900930F16 /* BanksListPresenter.swift in Sources */,
				625B6E19290567A70002D667 /* PagaTModel.xcdatamodeld in Sources */,
				6205E9B72904E83500930F16 /* BankObject.swift in Sources */,
				6205E9A32904DE6F00930F16 /* BanksListViewController.swift in Sources */,
			);
			runOnlyForDeploymentPostprocessing = 0;
		};
		6205E97E2904CED600930F16 /* Sources */ = {
			isa = PBXSourcesBuildPhase;
			buildActionMask = 2147483647;
			files = (
				6205E9B02904E05100930F16 /* BanksListInteractor.swift in Sources */,
				6205E9AC2904DF8900930F16 /* BanksListPresenter.swift in Sources */,
				6205E9892904CED600930F16 /* PagaTappUITestsLaunchTests.swift in Sources */,
				6205E9B82904E83500930F16 /* BankObject.swift in Sources */,
				6205E9982904D8D500930F16 /* BanksListRouter.swift in Sources */,
				6205E9A42904DE6F00930F16 /* BanksListViewController.swift in Sources */,
				625B6E1A290567A70002D667 /* PagaTModel.xcdatamodeld in Sources */,
				62D440E62905BA2C008993B4 /* BanksTableViewCell.swift in Sources */,
				6205E9872904CED600930F16 /* PagaTappUITests.swift in Sources */,
				6205E9BE2904EF8400930F16 /* BankListProtocols.swift in Sources */,
			);
			runOnlyForDeploymentPostprocessing = 0;
		};
/* End PBXSourcesBuildPhase section */

/* Begin PBXTargetDependency section */
		6205E97A2904CED600930F16 /* PBXTargetDependency */ = {
			isa = PBXTargetDependency;
			target = 6205E9612904CED400930F16 /* PagaTapp */;
			targetProxy = 6205E9792904CED600930F16 /* PBXContainerItemProxy */;
		};
		6205E9842904CED600930F16 /* PBXTargetDependency */ = {
			isa = PBXTargetDependency;
			target = 6205E9612904CED400930F16 /* PagaTapp */;
			targetProxy = 6205E9832904CED600930F16 /* PBXContainerItemProxy */;
		};
/* End PBXTargetDependency section */

/* Begin PBXVariantGroup section */
		6205E9702904CED600930F16 /* LaunchScreen.storyboard */ = {
			isa = PBXVariantGroup;
			children = (
				6205E9712904CED600930F16 /* Base */,
			);
			name = LaunchScreen.storyboard;
			sourceTree = "<group>";
		};
		625B6E11290563D70002D667 /* Main.storyboard */ = {
			isa = PBXVariantGroup;
			children = (
				625B6E12290563D70002D667 /* Base */,
			);
			name = Main.storyboard;
			sourceTree = "<group>";
		};
/* End PBXVariantGroup section */

/* Begin XCBuildConfiguration section */
		6205E98A2904CED600930F16 /* Debug */ = {
			isa = XCBuildConfiguration;
			buildSettings = {
				ALWAYS_SEARCH_USER_PATHS = NO;
				CLANG_ANALYZER_NONNULL = YES;
				CLANG_ANALYZER_NUMBER_OBJECT_CONVERSION = YES_AGGRESSIVE;
				CLANG_CXX_LANGUAGE_STANDARD = "gnu++17";
				CLANG_ENABLE_MODULES = YES;
				CLANG_ENABLE_OBJC_ARC = YES;
				CLANG_ENABLE_OBJC_WEAK = YES;
				CLANG_WARN_BLOCK_CAPTURE_AUTORELEASING = YES;
				CLANG_WARN_BOOL_CONVERSION = YES;
				CLANG_WARN_COMMA = YES;
				CLANG_WARN_CONSTANT_CONVERSION = YES;
				CLANG_WARN_DEPRECATED_OBJC_IMPLEMENTATIONS = YES;
				CLANG_WARN_DIRECT_OBJC_ISA_USAGE = YES_ERROR;
				CLANG_WARN_DOCUMENTATION_COMMENTS = YES;
				CLANG_WARN_EMPTY_BODY = YES;
				CLANG_WARN_ENUM_CONVERSION = YES;
				CLANG_WARN_INFINITE_RECURSION = YES;
				CLANG_WARN_INT_CONVERSION = YES;
				CLANG_WARN_NON_LITERAL_NULL_CONVERSION = YES;
				CLANG_WARN_OBJC_IMPLICIT_RETAIN_SELF = YES;
				CLANG_WARN_OBJC_LITERAL_CONVERSION = YES;
				CLANG_WARN_OBJC_ROOT_CLASS = YES_ERROR;
				CLANG_WARN_QUOTED_INCLUDE_IN_FRAMEWORK_HEADER = YES;
				CLANG_WARN_RANGE_LOOP_ANALYSIS = YES;
				CLANG_WARN_STRICT_PROTOTYPES = YES;
				CLANG_WARN_SUSPICIOUS_MOVE = YES;
				CLANG_WARN_UNGUARDED_AVAILABILITY = YES_AGGRESSIVE;
				CLANG_WARN_UNREACHABLE_CODE = YES;
				CLANG_WARN__DUPLICATE_METHOD_MATCH = YES;
				COPY_PHASE_STRIP = NO;
				DEBUG_INFORMATION_FORMAT = dwarf;
				ENABLE_STRICT_OBJC_MSGSEND = YES;
				ENABLE_TESTABILITY = YES;
				GCC_C_LANGUAGE_STANDARD = gnu11;
				GCC_DYNAMIC_NO_PIC = NO;
				GCC_NO_COMMON_BLOCKS = YES;
				GCC_OPTIMIZATION_LEVEL = 0;
				GCC_PREPROCESSOR_DEFINITIONS = (
					"DEBUG=1",
					"$(inherited)",
				);
				GCC_WARN_64_TO_32_BIT_CONVERSION = YES;
				GCC_WARN_ABOUT_RETURN_TYPE = YES_ERROR;
				GCC_WARN_UNDECLARED_SELECTOR = YES;
				GCC_WARN_UNINITIALIZED_AUTOS = YES_AGGRESSIVE;
				GCC_WARN_UNUSED_FUNCTION = YES;
				GCC_WARN_UNUSED_VARIABLE = YES;
				IPHONEOS_DEPLOYMENT_TARGET = 15.5;
				MTL_ENABLE_DEBUG_INFO = INCLUDE_SOURCE;
				MTL_FAST_MATH = YES;
				ONLY_ACTIVE_ARCH = YES;
				SDKROOT = iphoneos;
				SWIFT_ACTIVE_COMPILATION_CONDITIONS = DEBUG;
				SWIFT_OPTIMIZATION_LEVEL = "-Onone";
			};
			name = Debug;
		};
		6205E98B2904CED600930F16 /* Release */ = {
			isa = XCBuildConfiguration;
			buildSettings = {
				ALWAYS_SEARCH_USER_PATHS = NO;
				CLANG_ANALYZER_NONNULL = YES;
				CLANG_ANALYZER_NUMBER_OBJECT_CONVERSION = YES_AGGRESSIVE;
				CLANG_CXX_LANGUAGE_STANDARD = "gnu++17";
				CLANG_ENABLE_MODULES = YES;
				CLANG_ENABLE_OBJC_ARC = YES;
				CLANG_ENABLE_OBJC_WEAK = YES;
				CLANG_WARN_BLOCK_CAPTURE_AUTORELEASING = YES;
				CLANG_WARN_BOOL_CONVERSION = YES;
				CLANG_WARN_COMMA = YES;
				CLANG_WARN_CONSTANT_CONVERSION = YES;
				CLANG_WARN_DEPRECATED_OBJC_IMPLEMENTATIONS = YES;
				CLANG_WARN_DIRECT_OBJC_ISA_USAGE = YES_ERROR;
				CLANG_WARN_DOCUMENTATION_COMMENTS = YES;
				CLANG_WARN_EMPTY_BODY = YES;
				CLANG_WARN_ENUM_CONVERSION = YES;
				CLANG_WARN_INFINITE_RECURSION = YES;
				CLANG_WARN_INT_CONVERSION = YES;
				CLANG_WARN_NON_LITERAL_NULL_CONVERSION = YES;
				CLANG_WARN_OBJC_IMPLICIT_RETAIN_SELF = YES;
				CLANG_WARN_OBJC_LITERAL_CONVERSION = YES;
				CLANG_WARN_OBJC_ROOT_CLASS = YES_ERROR;
				CLANG_WARN_QUOTED_INCLUDE_IN_FRAMEWORK_HEADER = YES;
				CLANG_WARN_RANGE_LOOP_ANALYSIS = YES;
				CLANG_WARN_STRICT_PROTOTYPES = YES;
				CLANG_WARN_SUSPICIOUS_MOVE = YES;
				CLANG_WARN_UNGUARDED_AVAILABILITY = YES_AGGRESSIVE;
				CLANG_WARN_UNREACHABLE_CODE = YES;
				CLANG_WARN__DUPLICATE_METHOD_MATCH = YES;
				COPY_PHASE_STRIP = NO;
				DEBUG_INFORMATION_FORMAT = "dwarf-with-dsym";
				ENABLE_NS_ASSERTIONS = NO;
				ENABLE_STRICT_OBJC_MSGSEND = YES;
				GCC_C_LANGUAGE_STANDARD = gnu11;
				GCC_NO_COMMON_BLOCKS = YES;
				GCC_WARN_64_TO_32_BIT_CONVERSION = YES;
				GCC_WARN_ABOUT_RETURN_TYPE = YES_ERROR;
				GCC_WARN_UNDECLARED_SELECTOR = YES;
				GCC_WARN_UNINITIALIZED_AUTOS = YES_AGGRESSIVE;
				GCC_WARN_UNUSED_FUNCTION = YES;
				GCC_WARN_UNUSED_VARIABLE = YES;
				IPHONEOS_DEPLOYMENT_TARGET = 15.5;
				MTL_ENABLE_DEBUG_INFO = NO;
				MTL_FAST_MATH = YES;
				SDKROOT = iphoneos;
				SWIFT_COMPILATION_MODE = wholemodule;
				SWIFT_OPTIMIZATION_LEVEL = "-O";
				VALIDATE_PRODUCT = YES;
			};
			name = Release;
		};
		6205E98D2904CED600930F16 /* Debug */ = {
			isa = XCBuildConfiguration;
			buildSettings = {
				ASSETCATALOG_COMPILER_APPICON_NAME = AppIcon;
				ASSETCATALOG_COMPILER_GLOBAL_ACCENT_COLOR_NAME = AccentColor;
				CODE_SIGN_STYLE = Automatic;
				CURRENT_PROJECT_VERSION = 1;
				DEVELOPMENT_TEAM = 8MJ7ZUN23F;
				GENERATE_INFOPLIST_FILE = YES;
				INFOPLIST_FILE = PagaTapp/Info.plist;
				INFOPLIST_KEY_UIApplicationSupportsIndirectInputEvents = YES;
				INFOPLIST_KEY_UILaunchStoryboardName = LaunchScreen;
				INFOPLIST_KEY_UIMainStoryboardFile = Main;
				INFOPLIST_KEY_UISupportedInterfaceOrientations_iPad = "UIInterfaceOrientationPortrait UIInterfaceOrientationPortraitUpsideDown UIInterfaceOrientationLandscapeLeft UIInterfaceOrientationLandscapeRight";
				INFOPLIST_KEY_UISupportedInterfaceOrientations_iPhone = "UIInterfaceOrientationPortrait UIInterfaceOrientationLandscapeLeft UIInterfaceOrientationLandscapeRight";
				LD_RUNPATH_SEARCH_PATHS = (
					"$(inherited)",
					"@executable_path/Frameworks",
				);
				MARKETING_VERSION = 1.0;
				PRODUCT_BUNDLE_IDENTIFIER = com.davit.fits.PagaTapp;
				PRODUCT_NAME = "$(TARGET_NAME)";
				SWIFT_EMIT_LOC_STRINGS = YES;
				SWIFT_VERSION = 5.0;
				TARGETED_DEVICE_FAMILY = "1,2";
			};
			name = Debug;
		};
		6205E98E2904CED600930F16 /* Release */ = {
			isa = XCBuildConfiguration;
			buildSettings = {
				ASSETCATALOG_COMPILER_APPICON_NAME = AppIcon;
				ASSETCATALOG_COMPILER_GLOBAL_ACCENT_COLOR_NAME = AccentColor;
				CODE_SIGN_STYLE = Automatic;
				CURRENT_PROJECT_VERSION = 1;
				DEVELOPMENT_TEAM = 8MJ7ZUN23F;
				GENERATE_INFOPLIST_FILE = YES;
				INFOPLIST_FILE = PagaTapp/Info.plist;
				INFOPLIST_KEY_UIApplicationSupportsIndirectInputEvents = YES;
				INFOPLIST_KEY_UILaunchStoryboardName = LaunchScreen;
				INFOPLIST_KEY_UIMainStoryboardFile = Main;
				INFOPLIST_KEY_UISupportedInterfaceOrientations_iPad = "UIInterfaceOrientationPortrait UIInterfaceOrientationPortraitUpsideDown UIInterfaceOrientationLandscapeLeft UIInterfaceOrientationLandscapeRight";
				INFOPLIST_KEY_UISupportedInterfaceOrientations_iPhone = "UIInterfaceOrientationPortrait UIInterfaceOrientationLandscapeLeft UIInterfaceOrientationLandscapeRight";
				LD_RUNPATH_SEARCH_PATHS = (
					"$(inherited)",
					"@executable_path/Frameworks",
				);
				MARKETING_VERSION = 1.0;
				PRODUCT_BUNDLE_IDENTIFIER = com.davit.fits.PagaTapp;
				PRODUCT_NAME = "$(TARGET_NAME)";
				SWIFT_EMIT_LOC_STRINGS = YES;
				SWIFT_VERSION = 5.0;
				TARGETED_DEVICE_FAMILY = "1,2";
			};
			name = Release;
		};
		6205E9902904CED600930F16 /* Debug */ = {
			isa = XCBuildConfiguration;
			buildSettings = {
				ALWAYS_EMBED_SWIFT_STANDARD_LIBRARIES = YES;
				BUNDLE_LOADER = "$(TEST_HOST)";
				CODE_SIGN_STYLE = Automatic;
				CURRENT_PROJECT_VERSION = 1;
				DEVELOPMENT_TEAM = 8MJ7ZUN23F;
				GENERATE_INFOPLIST_FILE = YES;
				IPHONEOS_DEPLOYMENT_TARGET = 15.5;
				MARKETING_VERSION = 1.0;
				PRODUCT_BUNDLE_IDENTIFIER = com.davit.fits.PagaTappTests;
				PRODUCT_NAME = "$(TARGET_NAME)";
				SWIFT_EMIT_LOC_STRINGS = NO;
				SWIFT_VERSION = 5.0;
				TARGETED_DEVICE_FAMILY = "1,2";
				TEST_HOST = "$(BUILT_PRODUCTS_DIR)/PagaTapp.app/PagaTapp";
			};
			name = Debug;
		};
		6205E9912904CED600930F16 /* Release */ = {
			isa = XCBuildConfiguration;
			buildSettings = {
				ALWAYS_EMBED_SWIFT_STANDARD_LIBRARIES = YES;
				BUNDLE_LOADER = "$(TEST_HOST)";
				CODE_SIGN_STYLE = Automatic;
				CURRENT_PROJECT_VERSION = 1;
				DEVELOPMENT_TEAM = 8MJ7ZUN23F;
				GENERATE_INFOPLIST_FILE = YES;
				IPHONEOS_DEPLOYMENT_TARGET = 15.5;
				MARKETING_VERSION = 1.0;
				PRODUCT_BUNDLE_IDENTIFIER = com.davit.fits.PagaTappTests;
				PRODUCT_NAME = "$(TARGET_NAME)";
				SWIFT_EMIT_LOC_STRINGS = NO;
				SWIFT_VERSION = 5.0;
				TARGETED_DEVICE_FAMILY = "1,2";
				TEST_HOST = "$(BUILT_PRODUCTS_DIR)/PagaTapp.app/PagaTapp";
			};
			name = Release;
		};
		6205E9932904CED600930F16 /* Debug */ = {
			isa = XCBuildConfiguration;
			buildSettings = {
				ALWAYS_EMBED_SWIFT_STANDARD_LIBRARIES = YES;
				CODE_SIGN_STYLE = Automatic;
				CURRENT_PROJECT_VERSION = 1;
				DEVELOPMENT_TEAM = 8MJ7ZUN23F;
				GENERATE_INFOPLIST_FILE = YES;
				MARKETING_VERSION = 1.0;
				PRODUCT_BUNDLE_IDENTIFIER = com.davit.fits.PagaTappUITests;
				PRODUCT_NAME = "$(TARGET_NAME)";
				SWIFT_EMIT_LOC_STRINGS = NO;
				SWIFT_VERSION = 5.0;
				TARGETED_DEVICE_FAMILY = "1,2";
				TEST_TARGET_NAME = PagaTapp;
			};
			name = Debug;
		};
		6205E9942904CED600930F16 /* Release */ = {
			isa = XCBuildConfiguration;
			buildSettings = {
				ALWAYS_EMBED_SWIFT_STANDARD_LIBRARIES = YES;
				CODE_SIGN_STYLE = Automatic;
				CURRENT_PROJECT_VERSION = 1;
				DEVELOPMENT_TEAM = 8MJ7ZUN23F;
				GENERATE_INFOPLIST_FILE = YES;
				MARKETING_VERSION = 1.0;
				PRODUCT_BUNDLE_IDENTIFIER = com.davit.fits.PagaTappUITests;
				PRODUCT_NAME = "$(TARGET_NAME)";
				SWIFT_EMIT_LOC_STRINGS = NO;
				SWIFT_VERSION = 5.0;
				TARGETED_DEVICE_FAMILY = "1,2";
				TEST_TARGET_NAME = PagaTapp;
			};
			name = Release;
		};
/* End XCBuildConfiguration section */

/* Begin XCConfigurationList section */
		6205E95D2904CED400930F16 /* Build configuration list for PBXProject "PagaTapp" */ = {
			isa = XCConfigurationList;
			buildConfigurations = (
				6205E98A2904CED600930F16 /* Debug */,
				6205E98B2904CED600930F16 /* Release */,
			);
			defaultConfigurationIsVisible = 0;
			defaultConfigurationName = Release;
		};
		6205E98C2904CED600930F16 /* Build configuration list for PBXNativeTarget "PagaTapp" */ = {
			isa = XCConfigurationList;
			buildConfigurations = (
				6205E98D2904CED600930F16 /* Debug */,
				6205E98E2904CED600930F16 /* Release */,
			);
			defaultConfigurationIsVisible = 0;
			defaultConfigurationName = Release;
		};
		6205E98F2904CED600930F16 /* Build configuration list for PBXNativeTarget "PagaTappTests" */ = {
			isa = XCConfigurationList;
			buildConfigurations = (
				6205E9902904CED600930F16 /* Debug */,
				6205E9912904CED600930F16 /* Release */,
			);
			defaultConfigurationIsVisible = 0;
			defaultConfigurationName = Release;
		};
		6205E9922904CED600930F16 /* Build configuration list for PBXNativeTarget "PagaTappUITests" */ = {
			isa = XCConfigurationList;
			buildConfigurations = (
				6205E9932904CED600930F16 /* Debug */,
				6205E9942904CED600930F16 /* Release */,
			);
			defaultConfigurationIsVisible = 0;
			defaultConfigurationName = Release;
		};
/* End XCConfigurationList section */

/* Begin XCVersionGroup section */
		625B6E16290567A70002D667 /* PagaTModel.xcdatamodeld */ = {
			isa = XCVersionGroup;
			children = (
				625B6E17290567A70002D667 /* PagaTModel.xcdatamodel */,
			);
			currentVersion = 625B6E17290567A70002D667 /* PagaTModel.xcdatamodel */;
			path = PagaTModel.xcdatamodeld;
			sourceTree = "<group>";
			versionGroupType = wrapper.xcdatamodel;
		};
/* End XCVersionGroup section */
	};
	rootObject = 6205E95A2904CED400930F16 /* Project object */;
}
